// !$*UTF8*$!
{
	archiveVersion = 1;
	classes = {
	};
	objectVersion = 48;
	objects = {

/* Begin PBXBuildFile section */
		1800E271203C264600CC3933 /* OperationCountTest.swift in Sources */ = {isa = PBXBuildFile; fileRef = 1800E270203C264600CC3933 /* OperationCountTest.swift */; };
		1800E273203C274A00CC3933 /* OperationCancelTest.swift in Sources */ = {isa = PBXBuildFile; fileRef = 1800E272203C274A00CC3933 /* OperationCancelTest.swift */; };
		1800E275203C2A3900CC3933 /* AsyncOperationTest.swift in Sources */ = {isa = PBXBuildFile; fileRef = 1800E274203C2A3900CC3933 /* AsyncOperationTest.swift */; };
		1800E277203C2BC600CC3933 /* DependenciesTest.swift in Sources */ = {isa = PBXBuildFile; fileRef = 1800E276203C2BC600CC3933 /* DependenciesTest.swift */; };
		1800E279203C2DB400CC3933 /* WaitOperationTest.swift in Sources */ = {isa = PBXBuildFile; fileRef = 1800E278203C2DB400CC3933 /* WaitOperationTest.swift */; };
		1800E27B203C2F0000CC3933 /* OperationSuspendTest.swift in Sources */ = {isa = PBXBuildFile; fileRef = 1800E27A203C2F0000CC3933 /* OperationSuspendTest.swift */; };
		18743518203B3ED200D8B795 /* AppDelegate.swift in Sources */ = {isa = PBXBuildFile; fileRef = 18743517203B3ED200D8B795 /* AppDelegate.swift */; };
		1874351A203B3ED200D8B795 /* ViewController.swift in Sources */ = {isa = PBXBuildFile; fileRef = 18743519203B3ED200D8B795 /* ViewController.swift */; };
		1874351D203B3ED200D8B795 /* Main.storyboard in Resources */ = {isa = PBXBuildFile; fileRef = 1874351B203B3ED200D8B795 /* Main.storyboard */; };
		1874351F203B3ED200D8B795 /* Assets.xcassets in Resources */ = {isa = PBXBuildFile; fileRef = 1874351E203B3ED200D8B795 /* Assets.xcassets */; };
		18743522203B3ED200D8B795 /* LaunchScreen.storyboard in Resources */ = {isa = PBXBuildFile; fileRef = 18743520203B3ED200D8B795 /* LaunchScreen.storyboard */; };
		18743538203B3F5900D8B795 /* BlockOperationTest.swift in Sources */ = {isa = PBXBuildFile; fileRef = 18743537203B3F5900D8B795 /* BlockOperationTest.swift */; };
		1874353A203B400200D8B795 /* OperationTest.swift in Sources */ = {isa = PBXBuildFile; fileRef = 18743539203B400200D8B795 /* OperationTest.swift */; };
/* End PBXBuildFile section */

/* Begin PBXContainerItemProxy section */
		18743529203B3ED200D8B795 /* PBXContainerItemProxy */ = {
			isa = PBXContainerItemProxy;
			containerPortal = 1874350C203B3ED200D8B795 /* Project object */;
			proxyType = 1;
			remoteGlobalIDString = 18743513203B3ED200D8B795;
			remoteInfo = OperationExamples;
		};
/* End PBXContainerItemProxy section */

/* Begin PBXFileReference section */
		1800E270203C264600CC3933 /* OperationCountTest.swift */ = {isa = PBXFileReference; lastKnownFileType = sourcecode.swift; path = OperationCountTest.swift; sourceTree = "<group>"; };
		1800E272203C274A00CC3933 /* OperationCancelTest.swift */ = {isa = PBXFileReference; lastKnownFileType = sourcecode.swift; path = OperationCancelTest.swift; sourceTree = "<group>"; };
		1800E274203C2A3900CC3933 /* AsyncOperationTest.swift */ = {isa = PBXFileReference; lastKnownFileType = sourcecode.swift; path = AsyncOperationTest.swift; sourceTree = "<group>"; };
		1800E276203C2BC600CC3933 /* DependenciesTest.swift */ = {isa = PBXFileReference; lastKnownFileType = sourcecode.swift; path = DependenciesTest.swift; sourceTree = "<group>"; };
		1800E278203C2DB400CC3933 /* WaitOperationTest.swift */ = {isa = PBXFileReference; lastKnownFileType = sourcecode.swift; path = WaitOperationTest.swift; sourceTree = "<group>"; };
		1800E27A203C2F0000CC3933 /* OperationSuspendTest.swift */ = {isa = PBXFileReference; lastKnownFileType = sourcecode.swift; path = OperationSuspendTest.swift; sourceTree = "<group>"; };
		18743514203B3ED200D8B795 /* OperationExamples.app */ = {isa = PBXFileReference; explicitFileType = wrapper.application; includeInIndex = 0; path = OperationExamples.app; sourceTree = BUILT_PRODUCTS_DIR; };
		18743517203B3ED200D8B795 /* AppDelegate.swift */ = {isa = PBXFileReference; lastKnownFileType = sourcecode.swift; path = AppDelegate.swift; sourceTree = "<group>"; };
		18743519203B3ED200D8B795 /* ViewController.swift */ = {isa = PBXFileReference; lastKnownFileType = sourcecode.swift; path = ViewController.swift; sourceTree = "<group>"; };
		1874351C203B3ED200D8B795 /* Base */ = {isa = PBXFileReference; lastKnownFileType = file.storyboard; name = Base; path = Base.lproj/Main.storyboard; sourceTree = "<group>"; };
		1874351E203B3ED200D8B795 /* Assets.xcassets */ = {isa = PBXFileReference; lastKnownFileType = folder.assetcatalog; path = Assets.xcassets; sourceTree = "<group>"; };
		18743521203B3ED200D8B795 /* Base */ = {isa = PBXFileReference; lastKnownFileType = file.storyboard; name = Base; path = Base.lproj/LaunchScreen.storyboard; sourceTree = "<group>"; };
		18743523203B3ED200D8B795 /* Info.plist */ = {isa = PBXFileReference; lastKnownFileType = text.plist.xml; path = Info.plist; sourceTree = "<group>"; };
		18743528203B3ED200D8B795 /* OperationExamplesTests.xctest */ = {isa = PBXFileReference; explicitFileType = wrapper.cfbundle; includeInIndex = 0; path = OperationExamplesTests.xctest; sourceTree = BUILT_PRODUCTS_DIR; };
		1874352E203B3ED200D8B795 /* Info.plist */ = {isa = PBXFileReference; lastKnownFileType = text.plist.xml; path = Info.plist; sourceTree = "<group>"; };
		18743537203B3F5900D8B795 /* BlockOperationTest.swift */ = {isa = PBXFileReference; lastKnownFileType = sourcecode.swift; path = BlockOperationTest.swift; sourceTree = "<group>"; };
		18743539203B400200D8B795 /* OperationTest.swift */ = {isa = PBXFileReference; lastKnownFileType = sourcecode.swift; path = OperationTest.swift; sourceTree = "<group>"; };
/* End PBXFileReference section */

/* Begin PBXFrameworksBuildPhase section */
		18743511203B3ED200D8B795 /* Frameworks */ = {
			isa = PBXFrameworksBuildPhase;
			buildActionMask = 2147483647;
			files = (
			);
			runOnlyForDeploymentPostprocessing = 0;
		};
		18743525203B3ED200D8B795 /* Frameworks */ = {
			isa = PBXFrameworksBuildPhase;
			buildActionMask = 2147483647;
			files = (
			);
			runOnlyForDeploymentPostprocessing = 0;
		};
/* End PBXFrameworksBuildPhase section */

/* Begin PBXGroup section */
		1874350B203B3ED200D8B795 = {
			isa = PBXGroup;
			children = (
				18743516203B3ED200D8B795 /* OperationExamples */,
				1874352B203B3ED200D8B795 /* OperationExamplesTests */,
				18743515203B3ED200D8B795 /* Products */,
			);
			sourceTree = "<group>";
		};
		18743515203B3ED200D8B795 /* Products */ = {
			isa = PBXGroup;
			children = (
				18743514203B3ED200D8B795 /* OperationExamples.app */,
				18743528203B3ED200D8B795 /* OperationExamplesTests.xctest */,
			);
			name = Products;
			sourceTree = "<group>";
		};
		18743516203B3ED200D8B795 /* OperationExamples */ = {
			isa = PBXGroup;
			children = (
				18743517203B3ED200D8B795 /* AppDelegate.swift */,
				18743519203B3ED200D8B795 /* ViewController.swift */,
				1874351B203B3ED200D8B795 /* Main.storyboard */,
				1874351E203B3ED200D8B795 /* Assets.xcassets */,
				18743520203B3ED200D8B795 /* LaunchScreen.storyboard */,
				18743523203B3ED200D8B795 /* Info.plist */,
			);
			path = OperationExamples;
			sourceTree = "<group>";
		};
		1874352B203B3ED200D8B795 /* OperationExamplesTests */ = {
			isa = PBXGroup;
			children = (
				1874352E203B3ED200D8B795 /* Info.plist */,
				18743537203B3F5900D8B795 /* BlockOperationTest.swift */,
				18743539203B400200D8B795 /* OperationTest.swift */,
				1800E270203C264600CC3933 /* OperationCountTest.swift */,
				1800E272203C274A00CC3933 /* OperationCancelTest.swift */,
				1800E274203C2A3900CC3933 /* AsyncOperationTest.swift */,
				1800E276203C2BC600CC3933 /* DependenciesTest.swift */,
				1800E278203C2DB400CC3933 /* WaitOperationTest.swift */,
				1800E27A203C2F0000CC3933 /* OperationSuspendTest.swift */,
			);
			path = OperationExamplesTests;
			sourceTree = "<group>";
		};
/* End PBXGroup section */

/* Begin PBXNativeTarget section */
		18743513203B3ED200D8B795 /* OperationExamples */ = {
			isa = PBXNativeTarget;
			buildConfigurationList = 18743531203B3ED200D8B795 /* Build configuration list for PBXNativeTarget "OperationExamples" */;
			buildPhases = (
				18743510203B3ED200D8B795 /* Sources */,
				18743511203B3ED200D8B795 /* Frameworks */,
				18743512203B3ED200D8B795 /* Resources */,
			);
			buildRules = (
			);
			dependencies = (
			);
			name = OperationExamples;
			productName = OperationExamples;
			productReference = 18743514203B3ED200D8B795 /* OperationExamples.app */;
			productType = "com.apple.product-type.application";
		};
		18743527203B3ED200D8B795 /* OperationExamplesTests */ = {
			isa = PBXNativeTarget;
			buildConfigurationList = 18743534203B3ED200D8B795 /* Build configuration list for PBXNativeTarget "OperationExamplesTests" */;
			buildPhases = (
				18743524203B3ED200D8B795 /* Sources */,
				18743525203B3ED200D8B795 /* Frameworks */,
				18743526203B3ED200D8B795 /* Resources */,
			);
			buildRules = (
			);
			dependencies = (
				1874352A203B3ED200D8B795 /* PBXTargetDependency */,
			);
			name = OperationExamplesTests;
			productName = OperationExamplesTests;
			productReference = 18743528203B3ED200D8B795 /* OperationExamplesTests.xctest */;
			productType = "com.apple.product-type.bundle.unit-test";
		};
/* End PBXNativeTarget section */

/* Begin PBXProject section */
		1874350C203B3ED200D8B795 /* Project object */ = {
			isa = PBXProject;
			attributes = {
				LastSwiftUpdateCheck = 0920;
				LastUpgradeCheck = 0920;
				ORGANIZATIONNAME = "Alexey Shchukin";
				TargetAttributes = {
					18743513203B3ED200D8B795 = {
						CreatedOnToolsVersion = 9.2;
						ProvisioningStyle = Automatic;
					};
					18743527203B3ED200D8B795 = {
						CreatedOnToolsVersion = 9.2;
						LastSwiftMigration = 0920;
						ProvisioningStyle = Automatic;
						TestTargetID = 18743513203B3ED200D8B795;
					};
				};
			};
			buildConfigurationList = 1874350F203B3ED200D8B795 /* Build configuration list for PBXProject "OperationExamples" */;
			compatibilityVersion = "Xcode 8.0";
			developmentRegion = en;
			hasScannedForEncodings = 0;
			knownRegions = (
				en,
				Base,
			);
			mainGroup = 1874350B203B3ED200D8B795;
			productRefGroup = 18743515203B3ED200D8B795 /* Products */;
			projectDirPath = "";
			projectRoot = "";
			targets = (
				18743513203B3ED200D8B795 /* OperationExamples */,
				18743527203B3ED200D8B795 /* OperationExamplesTests */,
			);
		};
/* End PBXProject section */

/* Begin PBXResourcesBuildPhase section */
		18743512203B3ED200D8B795 /* Resources */ = {
			isa = PBXResourcesBuildPhase;
			buildActionMask = 2147483647;
			files = (
				18743522203B3ED200D8B795 /* LaunchScreen.storyboard in Resources */,
				1874351F203B3ED200D8B795 /* Assets.xcassets in Resources */,
				1874351D203B3ED200D8B795 /* Main.storyboard in Resources */,
			);
			runOnlyForDeploymentPostprocessing = 0;
		};
		18743526203B3ED200D8B795 /* Resources */ = {
			isa = PBXResourcesBuildPhase;
			buildActionMask = 2147483647;
			files = (
			);
			runOnlyForDeploymentPostprocessing = 0;
		};
/* End PBXResourcesBuildPhase section */

/* Begin PBXSourcesBuildPhase section */
		18743510203B3ED200D8B795 /* Sources */ = {
			isa = PBXSourcesBuildPhase;
			buildActionMask = 2147483647;
			files = (
				1874351A203B3ED200D8B795 /* ViewController.swift in Sources */,
				18743518203B3ED200D8B795 /* AppDelegate.swift in Sources */,
			);
			runOnlyForDeploymentPostprocessing = 0;
		};
		18743524203B3ED200D8B795 /* Sources */ = {
			isa = PBXSourcesBuildPhase;
			buildActionMask = 2147483647;
			files = (
				1800E27B203C2F0000CC3933 /* OperationSuspendTest.swift in Sources */,
				1800E277203C2BC600CC3933 /* DependenciesTest.swift in Sources */,
				1800E279203C2DB400CC3933 /* WaitOperationTest.swift in Sources */,
				18743538203B3F5900D8B795 /* BlockOperationTest.swift in Sources */,
				1800E271203C264600CC3933 /* OperationCountTest.swift in Sources */,
				1874353A203B400200D8B795 /* OperationTest.swift in Sources */,
				1800E275203C2A3900CC3933 /* AsyncOperationTest.swift in Sources */,
				1800E273203C274A00CC3933 /* OperationCancelTest.swift in Sources */,
			);
			runOnlyForDeploymentPostprocessing = 0;
		};
/* End PBXSourcesBuildPhase section */

/* Begin PBXTargetDependency section */
		1874352A203B3ED200D8B795 /* PBXTargetDependency */ = {
			isa = PBXTargetDependency;
			target = 18743513203B3ED200D8B795 /* OperationExamples */;
			targetProxy = 18743529203B3ED200D8B795 /* PBXContainerItemProxy */;
		};
/* End PBXTargetDependency section */

/* Begin PBXVariantGroup section */
		1874351B203B3ED200D8B795 /* Main.storyboard */ = {
			isa = PBXVariantGroup;
			children = (
				1874351C203B3ED200D8B795 /* Base */,
			);
			name = Main.storyboard;
			sourceTree = "<group>";
		};
		18743520203B3ED200D8B795 /* LaunchScreen.storyboard */ = {
			isa = PBXVariantGroup;
			children = (
				18743521203B3ED200D8B795 /* Base */,
			);
			name = LaunchScreen.storyboard;
			sourceTree = "<group>";
		};
/* End PBXVariantGroup section */

/* Begin XCBuildConfiguration section */
		1874352F203B3ED200D8B795 /* Debug */ = {
			isa = XCBuildConfiguration;
			buildSettings = {
				ALWAYS_SEARCH_USER_PATHS = NO;
				CLANG_ANALYZER_NONNULL = YES;
				CLANG_ANALYZER_NUMBER_OBJECT_CONVERSION = YES_AGGRESSIVE;
				CLANG_CXX_LANGUAGE_STANDARD = "gnu++14";
				CLANG_CXX_LIBRARY = "libc++";
				CLANG_ENABLE_MODULES = YES;
				CLANG_ENABLE_OBJC_ARC = YES;
				CLANG_WARN_BLOCK_CAPTURE_AUTORELEASING = YES;
				CLANG_WARN_BOOL_CONVERSION = YES;
				CLANG_WARN_COMMA = YES;
				CLANG_WARN_CONSTANT_CONVERSION = YES;
				CLANG_WARN_DIRECT_OBJC_ISA_USAGE = YES_ERROR;
				CLANG_WARN_DOCUMENTATION_COMMENTS = YES;
				CLANG_WARN_EMPTY_BODY = YES;
				CLANG_WARN_ENUM_CONVERSION = YES;
				CLANG_WARN_INFINITE_RECURSION = YES;
				CLANG_WARN_INT_CONVERSION = YES;
				CLANG_WARN_NON_LITERAL_NULL_CONVERSION = YES;
				CLANG_WARN_OBJC_LITERAL_CONVERSION = YES;
				CLANG_WARN_OBJC_ROOT_CLASS = YES_ERROR;
				CLANG_WARN_RANGE_LOOP_ANALYSIS = YES;
				CLANG_WARN_STRICT_PROTOTYPES = YES;
				CLANG_WARN_SUSPICIOUS_MOVE = YES;
				CLANG_WARN_UNGUARDED_AVAILABILITY = YES_AGGRESSIVE;
				CLANG_WARN_UNREACHABLE_CODE = YES;
				CLANG_WARN__DUPLICATE_METHOD_MATCH = YES;
				CODE_SIGN_IDENTITY = "iPhone Developer";
				COPY_PHASE_STRIP = NO;
				DEBUG_INFORMATION_FORMAT = dwarf;
				ENABLE_STRICT_OBJC_MSGSEND = YES;
				ENABLE_TESTABILITY = YES;
				GCC_C_LANGUAGE_STANDARD = gnu11;
				GCC_DYNAMIC_NO_PIC = NO;
				GCC_NO_COMMON_BLOCKS = YES;
				GCC_OPTIMIZATION_LEVEL = 0;
				GCC_PREPROCESSOR_DEFINITIONS = (
					"DEBUG=1",
					"$(inherited)",
				);
				GCC_WARN_64_TO_32_BIT_CONVERSION = YES;
				GCC_WARN_ABOUT_RETURN_TYPE = YES_ERROR;
				GCC_WARN_UNDECLARED_SELECTOR = YES;
				GCC_WARN_UNINITIALIZED_AUTOS = YES_AGGRESSIVE;
				GCC_WARN_UNUSED_FUNCTION = YES;
				GCC_WARN_UNUSED_VARIABLE = YES;
				IPHONEOS_DEPLOYMENT_TARGET = 11.2;
				MTL_ENABLE_DEBUG_INFO = YES;
				ONLY_ACTIVE_ARCH = YES;
				SDKROOT = iphoneos;
				SWIFT_ACTIVE_COMPILATION_CONDITIONS = DEBUG;
				SWIFT_OPTIMIZATION_LEVEL = "-Onone";
			};
			name = Debug;
		};
		18743530203B3ED200D8B795 /* Release */ = {
			isa = XCBuildConfiguration;
			buildSettings = {
				ALWAYS_SEARCH_USER_PATHS = NO;
				CLANG_ANALYZER_NONNULL = YES;
				CLANG_ANALYZER_NUMBER_OBJECT_CONVERSION = YES_AGGRESSIVE;
				CLANG_CXX_LANGUAGE_STANDARD = "gnu++14";
				CLANG_CXX_LIBRARY = "libc++";
				CLANG_ENABLE_MODULES = YES;
				CLANG_ENABLE_OBJC_ARC = YES;
				CLANG_WARN_BLOCK_CAPTURE_AUTORELEASING = YES;
				CLANG_WARN_BOOL_CONVERSION = YES;
				CLANG_WARN_COMMA = YES;
				CLANG_WARN_CONSTANT_CONVERSION = YES;
				CLANG_WARN_DIRECT_OBJC_ISA_USAGE = YES_ERROR;
				CLANG_WARN_DOCUMENTATION_COMMENTS = YES;
				CLANG_WARN_EMPTY_BODY = YES;
				CLANG_WARN_ENUM_CONVERSION = YES;
				CLANG_WARN_INFINITE_RECURSION = YES;
				CLANG_WARN_INT_CONVERSION = YES;
				CLANG_WARN_NON_LITERAL_NULL_CONVERSION = YES;
				CLANG_WARN_OBJC_LITERAL_CONVERSION = YES;
				CLANG_WARN_OBJC_ROOT_CLASS = YES_ERROR;
				CLANG_WARN_RANGE_LOOP_ANALYSIS = YES;
				CLANG_WARN_STRICT_PROTOTYPES = YES;
				CLANG_WARN_SUSPICIOUS_MOVE = YES;
				CLANG_WARN_UNGUARDED_AVAILABILITY = YES_AGGRESSIVE;
				CLANG_WARN_UNREACHABLE_CODE = YES;
				CLANG_WARN__DUPLICATE_METHOD_MATCH = YES;
				CODE_SIGN_IDENTITY = "iPhone Developer";
				COPY_PHASE_STRIP = NO;
				DEBUG_INFORMATION_FORMAT = "dwarf-with-dsym";
				ENABLE_NS_ASSERTIONS = NO;
				ENABLE_STRICT_OBJC_MSGSEND = YES;
				GCC_C_LANGUAGE_STANDARD = gnu11;
				GCC_NO_COMMON_BLOCKS = YES;
				GCC_WARN_64_TO_32_BIT_CONVERSION = YES;
				GCC_WARN_ABOUT_RETURN_TYPE = YES_ERROR;
				GCC_WARN_UNDECLARED_SELECTOR = YES;
				GCC_WARN_UNINITIALIZED_AUTOS = YES_AGGRESSIVE;
				GCC_WARN_UNUSED_FUNCTION = YES;
				GCC_WARN_UNUSED_VARIABLE = YES;
				IPHONEOS_DEPLOYMENT_TARGET = 11.2;
				MTL_ENABLE_DEBUG_INFO = NO;
				SDKROOT = iphoneos;
				SWIFT_OPTIMIZATION_LEVEL = "-Owholemodule";
				VALIDATE_PRODUCT = YES;
			};
			name = Release;
		};
		18743532203B3ED200D8B795 /* Debug */ = {
			isa = XCBuildConfiguration;
			buildSettings = {
				ASSETCATALOG_COMPILER_APPICON_NAME = AppIcon;
				CODE_SIGN_STYLE = Automatic;
				DEVELOPMENT_TEAM = PDTXSYFVEX;
				INFOPLIST_FILE = OperationExamples/Info.plist;
				LD_RUNPATH_SEARCH_PATHS = "$(inherited) @executable_path/Frameworks";
				PRODUCT_BUNDLE_IDENTIFIER = as.OperationExamples;
				PRODUCT_NAME = "$(TARGET_NAME)";
				SWIFT_VERSION = 4.0;
				TARGETED_DEVICE_FAMILY = "1,2";
			};
			name = Debug;
		};
		18743533203B3ED200D8B795 /* Release */ = {
			isa = XCBuildConfiguration;
			buildSettings = {
				ASSETCATALOG_COMPILER_APPICON_NAME = AppIcon;
				CODE_SIGN_STYLE = Automatic;
				DEVELOPMENT_TEAM = PDTXSYFVEX;
				INFOPLIST_FILE = OperationExamples/Info.plist;
				LD_RUNPATH_SEARCH_PATHS = "$(inherited) @executable_path/Frameworks";
				PRODUCT_BUNDLE_IDENTIFIER = as.OperationExamples;
				PRODUCT_NAME = "$(TARGET_NAME)";
				SWIFT_VERSION = 4.0;
				TARGETED_DEVICE_FAMILY = "1,2";
			};
			name = Release;
		};
		18743535203B3ED200D8B795 /* Debug */ = {
			isa = XCBuildConfiguration;
			buildSettings = {
				ALWAYS_EMBED_SWIFT_STANDARD_LIBRARIES = YES;
				BUNDLE_LOADER = "$(TEST_HOST)";
				CLANG_ENABLE_MODULES = YES;
				CODE_SIGN_STYLE = Automatic;
				DEVELOPMENT_TEAM = PDTXSYFVEX;
				INFOPLIST_FILE = OperationExamplesTests/Info.plist;
				LD_RUNPATH_SEARCH_PATHS = "$(inherited) @executable_path/Frameworks @loader_path/Frameworks";
				PRODUCT_BUNDLE_IDENTIFIER = as.OperationExamplesTests;
				PRODUCT_NAME = "$(TARGET_NAME)";
				SWIFT_OPTIMIZATION_LEVEL = "-Onone";
				SWIFT_VERSION = 4.0;
				TARGETED_DEVICE_FAMILY = "1,2";
				TEST_HOST = "$(BUILT_PRODUCTS_DIR)/OperationExamples.app/OperationExamples";
			};
			name = Debug;
		};
		18743536203B3ED200D8B795 /* Release */ = {
			isa = XCBuildConfiguration;
			buildSettings = {
				ALWAYS_EMBED_SWIFT_STANDARD_LIBRARIES = YES;
				BUNDLE_LOADER = "$(TEST_HOST)";
				CLANG_ENABLE_MODULES = YES;
				CODE_SIGN_STYLE = Automatic;
				DEVELOPMENT_TEAM = PDTXSYFVEX;
				INFOPLIST_FILE = OperationExamplesTests/Info.plist;
				LD_RUNPATH_SEARCH_PATHS = "$(inherited) @executable_path/Frameworks @loader_path/Frameworks";
				PRODUCT_BUNDLE_IDENTIFIER = as.OperationExamplesTests;
				PRODUCT_NAME = "$(TARGET_NAME)";
				SWIFT_VERSION = 4.0;
				TARGETED_DEVICE_FAMILY = "1,2";
				TEST_HOST = "$(BUILT_PRODUCTS_DIR)/OperationExamples.app/OperationExamples";
			};
			name = Release;
		};
/* End XCBuildConfiguration section */

/* Begin XCConfigurationList section */
		1874350F203B3ED200D8B795 /* Build configuration list for PBXProject "OperationExamples" */ = {
			isa = XCConfigurationList;
			buildConfigurations = (
				1874352F203B3ED200D8B795 /* Debug */,
				18743530203B3ED200D8B795 /* Release */,
			);
			defaultConfigurationIsVisible = 0;
			defaultConfigurationName = Release;
		};
		18743531203B3ED200D8B795 /* Build configuration list for PBXNativeTarget "OperationExamples" */ = {
			isa = XCConfigurationList;
			buildConfigurations = (
				18743532203B3ED200D8B795 /* Debug */,
				18743533203B3ED200D8B795 /* Release */,
			);
			defaultConfigurationIsVisible = 0;
			defaultConfigurationName = Release;
		};
		18743534203B3ED200D8B795 /* Build configuration list for PBXNativeTarget "OperationExamplesTests" */ = {
			isa = XCConfigurationList;
			buildConfigurations = (
				18743535203B3ED200D8B795 /* Debug */,
				18743536203B3ED200D8B795 /* Release */,
			);
			defaultConfigurationIsVisible = 0;
			defaultConfigurationName = Release;
		};
/* End XCConfigurationList section */
	};
	rootObject = 1874350C203B3ED200D8B795 /* Project object */;
}
